
Microsoft Visual Studio Solution File, Format Version 12.00
# Visual Studio Version 16
VisualStudioVersion = 16.0.30002.166
MinimumVisualStudioVersion = 10.0.40219.1
Project("{9A19103F-16F7-4668-BE54-9A1E7A4F7556}") = "Webkom", "Webkom.csproj", "{ADEF6212-F105-4B1C-BED4-48F00A3D5343}"
EndProject
Global
	GlobalSection(SolutionConfigurationPlatforms) = preSolution
		Debug|Any CPU = Debug|Any CPU
		Release|Any CPU = Release|Any CPU
	EndGlobalSection
	GlobalSection(ProjectConfigurationPlatforms) = postSolution
		{ADEF6212-F105-4B1C-BED4-48F00A3D5343}.Debug|Any CPU.ActiveCfg = Debug|Any CPU
		{ADEF6212-F105-4B1C-BED4-48F00A3D5343}.Debug|Any CPU.Build.0 = Debug|Any CPU
		{ADEF6212-F105-4B1C-BED4-48F00A3D5343}.Release|Any CPU.ActiveCfg = Release|Any CPU
		{ADEF6212-F105-4B1C-BED4-48F00A3D5343}.Release|Any CPU.Build.0 = Release|Any CPU
	EndGlobalSection
	GlobalSection(SolutionProperties) = preSolution
		HideSolutionNode = FALSE
	EndGlobalSection
	GlobalSection(ExtensibilityGlobals) = postSolution
		SolutionGuid = {F71034F3-597D-45BA-83E3-60CE8D913C59}
	EndGlobalSection
EndGlobal
